
Microsoft Visual Studio Solution File, Format Version 12.00
# Visual Studio Version 16
VisualStudioVersion = 16.0.30804.86
MinimumVisualStudioVersion = 10.0.40219.1
Project("{FAE04EC0-301F-11D3-BF4B-00C04F79EFBC}") = "CustomerHomework.Shared", "CustomerHomework.Shared\CustomerHomework.Shared.csproj", "{DE796EAE-4CF7-4084-BF98-F0425AD75AA2}"
EndProject
Project("{FAE04EC0-301F-11D3-BF4B-00C04F79EFBC}") = "CustomerHomework.Entities", "CustomerHomework.Entities\CustomerHomework.Entities.csproj", "{038B0157-790A-42A2-8EE3-2FB582D48CB6}"
EndProject
Project("{FAE04EC0-301F-11D3-BF4B-00C04F79EFBC}") = "CustomerHomework.Data", "CustomerHomework.Data\CustomerHomework.Data.csproj", "{293BBF9C-182D-4D68-A3F1-85CDADCF111E}"
EndProject
Project("{FAE04EC0-301F-11D3-BF4B-00C04F79EFBC}") = "CustomerHomework.Services", "CustomerHomework.Services\CustomerHomework.Services.csproj", "{61054033-4BE9-4973-B3D2-015FAE7AD5DC}"
EndProject
Project("{FAE04EC0-301F-11D3-BF4B-00C04F79EFBC}") = "CustomerHomework.Api", "CustomerHomework.Api\CustomerHomework.Api.csproj", "{4BCE8EA4-BCB5-4C67-AA47-46FF63E7E8C5}"
EndProject
Global
	GlobalSection(SolutionConfigurationPlatforms) = preSolution
		Debug|Any CPU = Debug|Any CPU
		Release|Any CPU = Release|Any CPU
	EndGlobalSection
	GlobalSection(ProjectConfigurationPlatforms) = postSolution
		{DE796EAE-4CF7-4084-BF98-F0425AD75AA2}.Debug|Any CPU.ActiveCfg = Debug|Any CPU
		{DE796EAE-4CF7-4084-BF98-F0425AD75AA2}.Debug|Any CPU.Build.0 = Debug|Any CPU
		{DE796EAE-4CF7-4084-BF98-F0425AD75AA2}.Release|Any CPU.ActiveCfg = Release|Any CPU
		{DE796EAE-4CF7-4084-BF98-F0425AD75AA2}.Release|Any CPU.Build.0 = Release|Any CPU
		{038B0157-790A-42A2-8EE3-2FB582D48CB6}.Debug|Any CPU.ActiveCfg = Debug|Any CPU
		{038B0157-790A-42A2-8EE3-2FB582D48CB6}.Debug|Any CPU.Build.0 = Debug|Any CPU
		{038B0157-790A-42A2-8EE3-2FB582D48CB6}.Release|Any CPU.ActiveCfg = Release|Any CPU
		{038B0157-790A-42A2-8EE3-2FB582D48CB6}.Release|Any CPU.Build.0 = Release|Any CPU
		{293BBF9C-182D-4D68-A3F1-85CDADCF111E}.Debug|Any CPU.ActiveCfg = Debug|Any CPU
		{293BBF9C-182D-4D68-A3F1-85CDADCF111E}.Debug|Any CPU.Build.0 = Debug|Any CPU
		{293BBF9C-182D-4D68-A3F1-85CDADCF111E}.Release|Any CPU.ActiveCfg = Release|Any CPU
		{293BBF9C-182D-4D68-A3F1-85CDADCF111E}.Release|Any CPU.Build.0 = Release|Any CPU
		{61054033-4BE9-4973-B3D2-015FAE7AD5DC}.Debug|Any CPU.ActiveCfg = Debug|Any CPU
		{61054033-4BE9-4973-B3D2-015FAE7AD5DC}.Debug|Any CPU.Build.0 = Debug|Any CPU
		{61054033-4BE9-4973-B3D2-015FAE7AD5DC}.Release|Any CPU.ActiveCfg = Release|Any CPU
		{61054033-4BE9-4973-B3D2-015FAE7AD5DC}.Release|Any CPU.Build.0 = Release|Any CPU
		{4BCE8EA4-BCB5-4C67-AA47-46FF63E7E8C5}.Debug|Any CPU.ActiveCfg = Debug|Any CPU
		{4BCE8EA4-BCB5-4C67-AA47-46FF63E7E8C5}.Debug|Any CPU.Build.0 = Debug|Any CPU
		{4BCE8EA4-BCB5-4C67-AA47-46FF63E7E8C5}.Release|Any CPU.ActiveCfg = Release|Any CPU
		{4BCE8EA4-BCB5-4C67-AA47-46FF63E7E8C5}.Release|Any CPU.Build.0 = Release|Any CPU
	EndGlobalSection
	GlobalSection(SolutionProperties) = preSolution
		HideSolutionNode = FALSE
	EndGlobalSection
	GlobalSection(ExtensibilityGlobals) = postSolution
		SolutionGuid = {CD82FD6D-8F7F-45DE-9866-6590600B027B}
	EndGlobalSection
EndGlobal
